// !$*UTF8*$!
{
	archiveVersion = 1;
	classes = {
	};
	objectVersion = 50;
	objects = {

/* Begin PBXBuildFile section */
		7C13129525A3149E00A2469F /* CGFloat+Extensions.swift in Sources */ = {isa = PBXBuildFile; fileRef = 7C13129425A3149E00A2469F /* CGFloat+Extensions.swift */; };
		7C25271527E080320098E55E /* ControlsButtonStyle.swift in Sources */ = {isa = PBXBuildFile; fileRef = 7C25271427E080320098E55E /* ControlsButtonStyle.swift */; };
		7C61BF8727DA79440086F9D7 /* MediaListView-ViewModel.swift in Sources */ = {isa = PBXBuildFile; fileRef = 7C61BF8627DA79440086F9D7 /* MediaListView-ViewModel.swift */; };
		7C61BF8927DA819F0086F9D7 /* CoverArtView.swift in Sources */ = {isa = PBXBuildFile; fileRef = 7C61BF8827DA819F0086F9D7 /* CoverArtView.swift */; };
		7C6E1EAC25A0F2DF00B4B9C8 /* SimRadioApp.swift in Sources */ = {isa = PBXBuildFile; fileRef = 7C6E1EAB25A0F2DF00B4B9C8 /* SimRadioApp.swift */; };
		7C6E1EAE25A0F2DF00B4B9C8 /* LibraryView.swift in Sources */ = {isa = PBXBuildFile; fileRef = 7C6E1EAD25A0F2DF00B4B9C8 /* LibraryView.swift */; };
		7C6E1EB025A0F2E000B4B9C8 /* Assets.xcassets in Resources */ = {isa = PBXBuildFile; fileRef = 7C6E1EAF25A0F2E000B4B9C8 /* Assets.xcassets */; };
		7C6E1EB325A0F2E000B4B9C8 /* Preview Assets.xcassets in Resources */ = {isa = PBXBuildFile; fileRef = 7C6E1EB225A0F2E000B4B9C8 /* Preview Assets.xcassets */; };
		7C6E1EB525A0F2E000B4B9C8 /* Persistence.swift in Sources */ = {isa = PBXBuildFile; fileRef = 7C6E1EB425A0F2E000B4B9C8 /* Persistence.swift */; };
		7C6E1EB825A0F2E000B4B9C8 /* SimRadio.xcdatamodeld in Sources */ = {isa = PBXBuildFile; fileRef = 7C6E1EB625A0F2E000B4B9C8 /* SimRadio.xcdatamodeld */; };
		7C89CCE727DE2CD500956B80 /* PlayerView.swift in Sources */ = {isa = PBXBuildFile; fileRef = 7C89CCE627DE2CD500956B80 /* PlayerView.swift */; };
		7CADC98E27D748DE0079F591 /* LiveIndicatorView.swift in Sources */ = {isa = PBXBuildFile; fileRef = 7CADC98D27D748DE0079F591 /* LiveIndicatorView.swift */; };
		7CADC99127D77A4F0079F591 /* MediaList.swift in Sources */ = {isa = PBXBuildFile; fileRef = 7CADC99027D77A4F0079F591 /* MediaList.swift */; };
		7CADC99727D789D50079F591 /* PlayerView-ViewModel.swift in Sources */ = {isa = PBXBuildFile; fileRef = 7CADC99627D789D50079F591 /* PlayerView-ViewModel.swift */; };
		7CADC99927D78B2D0079F591 /* MediaSource.swift in Sources */ = {isa = PBXBuildFile; fileRef = 7CADC99827D78B2D0079F591 /* MediaSource.swift */; };
		7CADC99B27D78B6E0079F591 /* Library.swift in Sources */ = {isa = PBXBuildFile; fileRef = 7CADC99A27D78B6E0079F591 /* Library.swift */; };
		7CADC99D27D91C790079F591 /* LibraryView-ViewModel.swift in Sources */ = {isa = PBXBuildFile; fileRef = 7CADC99C27D91C790079F591 /* LibraryView-ViewModel.swift */; };
		7CADC99F27D920760079F591 /* LibraryItemView.swift in Sources */ = {isa = PBXBuildFile; fileRef = 7CADC99E27D920760079F591 /* LibraryItemView.swift */; };
		7CADC9A127D930640079F591 /* MediaListItemView.swift in Sources */ = {isa = PBXBuildFile; fileRef = 7CADC9A027D930640079F591 /* MediaListItemView.swift */; };
		7CD1702E25A31BAB008A7EAD /* MediaListView.swift in Sources */ = {isa = PBXBuildFile; fileRef = 7CD1702D25A31BAB008A7EAD /* MediaListView.swift */; };
		D6590B3E25A4CA0100598B6C /* PlayerViewOld.swift in Sources */ = {isa = PBXBuildFile; fileRef = D6590B3D25A4CA0100598B6C /* PlayerViewOld.swift */; };
		D6590B4225A4CA2900598B6C /* BlurView.swift in Sources */ = {isa = PBXBuildFile; fileRef = D6590B4125A4CA2900598B6C /* BlurView.swift */; };
/* End PBXBuildFile section */

/* Begin PBXFileReference section */
		7C13129425A3149E00A2469F /* CGFloat+Extensions.swift */ = {isa = PBXFileReference; lastKnownFileType = sourcecode.swift; path = "CGFloat+Extensions.swift"; sourceTree = "<group>"; };
		7C25271427E080320098E55E /* ControlsButtonStyle.swift */ = {isa = PBXFileReference; lastKnownFileType = sourcecode.swift; path = ControlsButtonStyle.swift; sourceTree = "<group>"; };
		7C61BF8627DA79440086F9D7 /* MediaListView-ViewModel.swift */ = {isa = PBXFileReference; lastKnownFileType = sourcecode.swift; path = "MediaListView-ViewModel.swift"; sourceTree = "<group>"; };
		7C61BF8827DA819F0086F9D7 /* CoverArtView.swift */ = {isa = PBXFileReference; lastKnownFileType = sourcecode.swift; path = CoverArtView.swift; sourceTree = "<group>"; };
		7C6E1EA825A0F2DF00B4B9C8 /* SimRadio.app */ = {isa = PBXFileReference; explicitFileType = wrapper.application; includeInIndex = 0; path = SimRadio.app; sourceTree = BUILT_PRODUCTS_DIR; };
		7C6E1EAB25A0F2DF00B4B9C8 /* SimRadioApp.swift */ = {isa = PBXFileReference; lastKnownFileType = sourcecode.swift; path = SimRadioApp.swift; sourceTree = "<group>"; };
		7C6E1EAD25A0F2DF00B4B9C8 /* LibraryView.swift */ = {isa = PBXFileReference; lastKnownFileType = sourcecode.swift; path = LibraryView.swift; sourceTree = "<group>"; };
		7C6E1EAF25A0F2E000B4B9C8 /* Assets.xcassets */ = {isa = PBXFileReference; lastKnownFileType = folder.assetcatalog; path = Assets.xcassets; sourceTree = "<group>"; };
		7C6E1EB225A0F2E000B4B9C8 /* Preview Assets.xcassets */ = {isa = PBXFileReference; lastKnownFileType = folder.assetcatalog; path = "Preview Assets.xcassets"; sourceTree = "<group>"; };
		7C6E1EB425A0F2E000B4B9C8 /* Persistence.swift */ = {isa = PBXFileReference; lastKnownFileType = sourcecode.swift; path = Persistence.swift; sourceTree = "<group>"; };
		7C6E1EB725A0F2E000B4B9C8 /* SimRadio.xcdatamodel */ = {isa = PBXFileReference; lastKnownFileType = wrapper.xcdatamodel; path = SimRadio.xcdatamodel; sourceTree = "<group>"; };
		7C6E1EB925A0F2E000B4B9C8 /* Info.plist */ = {isa = PBXFileReference; lastKnownFileType = text.plist.xml; path = Info.plist; sourceTree = "<group>"; };
		7C89CCE627DE2CD500956B80 /* PlayerView.swift */ = {isa = PBXFileReference; fileEncoding = 4; lastKnownFileType = sourcecode.swift; path = PlayerView.swift; sourceTree = "<group>"; };
		7CADC98D27D748DE0079F591 /* LiveIndicatorView.swift */ = {isa = PBXFileReference; lastKnownFileType = sourcecode.swift; path = LiveIndicatorView.swift; sourceTree = "<group>"; };
		7CADC99027D77A4F0079F591 /* MediaList.swift */ = {isa = PBXFileReference; lastKnownFileType = sourcecode.swift; path = MediaList.swift; sourceTree = "<group>"; };
		7CADC99627D789D50079F591 /* PlayerView-ViewModel.swift */ = {isa = PBXFileReference; lastKnownFileType = sourcecode.swift; path = "PlayerView-ViewModel.swift"; sourceTree = "<group>"; };
		7CADC99827D78B2D0079F591 /* MediaSource.swift */ = {isa = PBXFileReference; lastKnownFileType = sourcecode.swift; path = MediaSource.swift; sourceTree = "<group>"; };
		7CADC99A27D78B6E0079F591 /* Library.swift */ = {isa = PBXFileReference; lastKnownFileType = sourcecode.swift; path = Library.swift; sourceTree = "<group>"; };
		7CADC99C27D91C790079F591 /* LibraryView-ViewModel.swift */ = {isa = PBXFileReference; lastKnownFileType = sourcecode.swift; path = "LibraryView-ViewModel.swift"; sourceTree = "<group>"; };
		7CADC99E27D920760079F591 /* LibraryItemView.swift */ = {isa = PBXFileReference; lastKnownFileType = sourcecode.swift; path = LibraryItemView.swift; sourceTree = "<group>"; };
		7CADC9A027D930640079F591 /* MediaListItemView.swift */ = {isa = PBXFileReference; lastKnownFileType = sourcecode.swift; path = MediaListItemView.swift; sourceTree = "<group>"; };
		7CD1702D25A31BAB008A7EAD /* MediaListView.swift */ = {isa = PBXFileReference; lastKnownFileType = sourcecode.swift; path = MediaListView.swift; sourceTree = "<group>"; };
		D6590B3D25A4CA0100598B6C /* PlayerViewOld.swift */ = {isa = PBXFileReference; lastKnownFileType = sourcecode.swift; path = PlayerViewOld.swift; sourceTree = "<group>"; };
		D6590B4125A4CA2900598B6C /* BlurView.swift */ = {isa = PBXFileReference; lastKnownFileType = sourcecode.swift; path = BlurView.swift; sourceTree = "<group>"; };
/* End PBXFileReference section */

/* Begin PBXFrameworksBuildPhase section */
		7C6E1EA525A0F2DF00B4B9C8 /* Frameworks */ = {
			isa = PBXFrameworksBuildPhase;
			buildActionMask = 2147483647;
			files = (
			);
			runOnlyForDeploymentPostprocessing = 0;
		};
/* End PBXFrameworksBuildPhase section */

/* Begin PBXGroup section */
		7C13129225A3145600A2469F /* Helpers */ = {
			isa = PBXGroup;
			children = (
				7C13129425A3149E00A2469F /* CGFloat+Extensions.swift */,
			);
			name = Helpers;
			sourceTree = "<group>";
		};
		7C13129325A3147200A2469F /* CommonViews */ = {
			isa = PBXGroup;
			children = (
				7C25271427E080320098E55E /* ControlsButtonStyle.swift */,
				7C61BF8827DA819F0086F9D7 /* CoverArtView.swift */,
				D6590B4125A4CA2900598B6C /* BlurView.swift */,
			);
			name = CommonViews;
			sourceTree = "<group>";
		};
		7C13129825A3151B00A2469F /* Library */ = {
			isa = PBXGroup;
			children = (
				7CADC99E27D920760079F591 /* LibraryItemView.swift */,
				7CADC99C27D91C790079F591 /* LibraryView-ViewModel.swift */,
				7C6E1EAD25A0F2DF00B4B9C8 /* LibraryView.swift */,
			);
			name = Library;
			sourceTree = "<group>";
		};
		7C6E1E9F25A0F2DF00B4B9C8 = {
			isa = PBXGroup;
			children = (
				7C6E1EAA25A0F2DF00B4B9C8 /* SimRadio */,
				7C6E1EA925A0F2DF00B4B9C8 /* Products */,
			);
			sourceTree = "<group>";
		};
		7C6E1EA925A0F2DF00B4B9C8 /* Products */ = {
			isa = PBXGroup;
			children = (
				7C6E1EA825A0F2DF00B4B9C8 /* SimRadio.app */,
			);
			name = Products;
			sourceTree = "<group>";
		};
		7C6E1EAA25A0F2DF00B4B9C8 /* SimRadio */ = {
			isa = PBXGroup;
			children = (
				7C13129325A3147200A2469F /* CommonViews */,
				7C13129225A3145600A2469F /* Helpers */,
				7CADC98F27D779E50079F591 /* Models */,
				7CC6695027DD35CB009620A0 /* Scenes */,
				7C6E1EB425A0F2E000B4B9C8 /* Persistence.swift */,
				7C6E1EAB25A0F2DF00B4B9C8 /* SimRadioApp.swift */,
				7C6E1EB125A0F2E000B4B9C8 /* Preview Content */,
				7C6E1EB625A0F2E000B4B9C8 /* SimRadio.xcdatamodeld */,
				7C6E1EB925A0F2E000B4B9C8 /* Info.plist */,
				7C6E1EAF25A0F2E000B4B9C8 /* Assets.xcassets */,
			);
			path = SimRadio;
			sourceTree = "<group>";
		};
		7C6E1EB125A0F2E000B4B9C8 /* Preview Content */ = {
			isa = PBXGroup;
			children = (
				7C6E1EB225A0F2E000B4B9C8 /* Preview Assets.xcassets */,
			);
			path = "Preview Content";
			sourceTree = "<group>";
		};
		7CADC98F27D779E50079F591 /* Models */ = {
			isa = PBXGroup;
			children = (
				7CADC99A27D78B6E0079F591 /* Library.swift */,
				7CADC99027D77A4F0079F591 /* MediaList.swift */,
				7CADC99827D78B2D0079F591 /* MediaSource.swift */,
			);
			name = Models;
			sourceTree = "<group>";
		};
		7CC6695027DD35CB009620A0 /* Scenes */ = {
			isa = PBXGroup;
			children = (
				7C13129825A3151B00A2469F /* Library */,
				7CD1702C25A31B7C008A7EAD /* MediaList */,
				D6590B3C25A4C9EA00598B6C /* Player */,
			);
			name = Scenes;
			sourceTree = "<group>";
		};
		7CD1702C25A31B7C008A7EAD /* MediaList */ = {
			isa = PBXGroup;
			children = (
				7CADC9A027D930640079F591 /* MediaListItemView.swift */,
				7C61BF8627DA79440086F9D7 /* MediaListView-ViewModel.swift */,
				7CD1702D25A31BAB008A7EAD /* MediaListView.swift */,
			);
			name = MediaList;
			sourceTree = "<group>";
		};
		D6590B3C25A4C9EA00598B6C /* Player */ = {
			isa = PBXGroup;
			children = (
				7CADC98D27D748DE0079F591 /* LiveIndicatorView.swift */,
				7CADC99627D789D50079F591 /* PlayerView-ViewModel.swift */,
				7C89CCE627DE2CD500956B80 /* PlayerView.swift */,
				D6590B3D25A4CA0100598B6C /* PlayerViewOld.swift */,
			);
			name = Player;
			sourceTree = "<group>";
		};
/* End PBXGroup section */

/* Begin PBXNativeTarget section */
		7C6E1EA725A0F2DF00B4B9C8 /* SimRadio */ = {
			isa = PBXNativeTarget;
			buildConfigurationList = 7C6E1EBC25A0F2E000B4B9C8 /* Build configuration list for PBXNativeTarget "SimRadio" */;
			buildPhases = (
				7C6E1EA425A0F2DF00B4B9C8 /* Sources */,
				7C6E1EA525A0F2DF00B4B9C8 /* Frameworks */,
				7C6E1EA625A0F2DF00B4B9C8 /* Resources */,
				7C86436D25A0F4BF006DF776 /* Run Script */,
			);
			buildRules = (
			);
			dependencies = (
			);
			name = SimRadio;
			productName = SimRadio;
			productReference = 7C6E1EA825A0F2DF00B4B9C8 /* SimRadio.app */;
			productType = "com.apple.product-type.application";
		};
/* End PBXNativeTarget section */

/* Begin PBXProject section */
		7C6E1EA025A0F2DF00B4B9C8 /* Project object */ = {
			isa = PBXProject;
			attributes = {
				LastSwiftUpdateCheck = 1230;
				LastUpgradeCheck = 1230;
				TargetAttributes = {
					7C6E1EA725A0F2DF00B4B9C8 = {
						CreatedOnToolsVersion = 12.3;
					};
				};
			};
			buildConfigurationList = 7C6E1EA325A0F2DF00B4B9C8 /* Build configuration list for PBXProject "SimRadio" */;
			compatibilityVersion = "Xcode 9.3";
			developmentRegion = en;
			hasScannedForEncodings = 0;
			knownRegions = (
				en,
				Base,
			);
			mainGroup = 7C6E1E9F25A0F2DF00B4B9C8;
			productRefGroup = 7C6E1EA925A0F2DF00B4B9C8 /* Products */;
			projectDirPath = "";
			projectRoot = "";
			targets = (
				7C6E1EA725A0F2DF00B4B9C8 /* SimRadio */,
			);
		};
/* End PBXProject section */

/* Begin PBXResourcesBuildPhase section */
		7C6E1EA625A0F2DF00B4B9C8 /* Resources */ = {
			isa = PBXResourcesBuildPhase;
			buildActionMask = 2147483647;
			files = (
				7C6E1EB325A0F2E000B4B9C8 /* Preview Assets.xcassets in Resources */,
				7C6E1EB025A0F2E000B4B9C8 /* Assets.xcassets in Resources */,
			);
			runOnlyForDeploymentPostprocessing = 0;
		};
/* End PBXResourcesBuildPhase section */

/* Begin PBXShellScriptBuildPhase section */
		7C86436D25A0F4BF006DF776 /* Run Script */ = {
			isa = PBXShellScriptBuildPhase;
			buildActionMask = 2147483647;
			files = (
			);
			inputFileListPaths = (
			);
			inputPaths = (
			);
			name = "Run Script";
			outputFileListPaths = (
			);
			outputPaths = (
			);
			runOnlyForDeploymentPostprocessing = 0;
			shellPath = /bin/sh;
			shellScript = "PATH=${PATH}:/opt/homebrew/bin\nif which swiftlint >/dev/null; then\n  swiftlint\nelse\n  echo \"error: SwiftLint does not exist, please install it by command 'brew install swiftlint'\"\n  exit 1\nfi\n";
		};
/* End PBXShellScriptBuildPhase section */

/* Begin PBXSourcesBuildPhase section */
		7C6E1EA425A0F2DF00B4B9C8 /* Sources */ = {
			isa = PBXSourcesBuildPhase;
			buildActionMask = 2147483647;
			files = (
				7CADC99B27D78B6E0079F591 /* Library.swift in Sources */,
				7CADC99727D789D50079F591 /* PlayerView-ViewModel.swift in Sources */,
				7C6E1EB525A0F2E000B4B9C8 /* Persistence.swift in Sources */,
				D6590B4225A4CA2900598B6C /* BlurView.swift in Sources */,
				7C13129525A3149E00A2469F /* CGFloat+Extensions.swift in Sources */,
				7CADC98E27D748DE0079F591 /* LiveIndicatorView.swift in Sources */,
				7CADC99127D77A4F0079F591 /* MediaList.swift in Sources */,
				7C25271527E080320098E55E /* ControlsButtonStyle.swift in Sources */,
				7CADC99927D78B2D0079F591 /* MediaSource.swift in Sources */,
				7C61BF8727DA79440086F9D7 /* MediaListView-ViewModel.swift in Sources */,
				D6590B3E25A4CA0100598B6C /* PlayerViewOld.swift in Sources */,
				7C6E1EB825A0F2E000B4B9C8 /* SimRadio.xcdatamodeld in Sources */,
				7C6E1EAE25A0F2DF00B4B9C8 /* LibraryView.swift in Sources */,
				7C61BF8927DA819F0086F9D7 /* CoverArtView.swift in Sources */,
				7C6E1EAC25A0F2DF00B4B9C8 /* SimRadioApp.swift in Sources */,
				7CADC99D27D91C790079F591 /* LibraryView-ViewModel.swift in Sources */,
				7C89CCE727DE2CD500956B80 /* PlayerView.swift in Sources */,
				7CADC9A127D930640079F591 /* MediaListItemView.swift in Sources */,
				7CD1702E25A31BAB008A7EAD /* MediaListView.swift in Sources */,
				7CADC99F27D920760079F591 /* LibraryItemView.swift in Sources */,
			);
			runOnlyForDeploymentPostprocessing = 0;
		};
/* End PBXSourcesBuildPhase section */

/* Begin XCBuildConfiguration section */
		7C6E1EBA25A0F2E000B4B9C8 /* Debug */ = {
			isa = XCBuildConfiguration;
			buildSettings = {
				ALWAYS_SEARCH_USER_PATHS = NO;
				CLANG_ANALYZER_NONNULL = YES;
				CLANG_ANALYZER_NUMBER_OBJECT_CONVERSION = YES_AGGRESSIVE;
				CLANG_CXX_LANGUAGE_STANDARD = "gnu++14";
				CLANG_CXX_LIBRARY = "libc++";
				CLANG_ENABLE_MODULES = YES;
				CLANG_ENABLE_OBJC_ARC = YES;
				CLANG_ENABLE_OBJC_WEAK = YES;
				CLANG_WARN_BLOCK_CAPTURE_AUTORELEASING = YES;
				CLANG_WARN_BOOL_CONVERSION = YES;
				CLANG_WARN_COMMA = YES;
				CLANG_WARN_CONSTANT_CONVERSION = YES;
				CLANG_WARN_DEPRECATED_OBJC_IMPLEMENTATIONS = YES;
				CLANG_WARN_DIRECT_OBJC_ISA_USAGE = YES_ERROR;
				CLANG_WARN_DOCUMENTATION_COMMENTS = YES;
				CLANG_WARN_EMPTY_BODY = YES;
				CLANG_WARN_ENUM_CONVERSION = YES;
				CLANG_WARN_INFINITE_RECURSION = YES;
				CLANG_WARN_INT_CONVERSION = YES;
				CLANG_WARN_NON_LITERAL_NULL_CONVERSION = YES;
				CLANG_WARN_OBJC_IMPLICIT_RETAIN_SELF = YES;
				CLANG_WARN_OBJC_LITERAL_CONVERSION = YES;
				CLANG_WARN_OBJC_ROOT_CLASS = YES_ERROR;
				CLANG_WARN_QUOTED_INCLUDE_IN_FRAMEWORK_HEADER = YES;
				CLANG_WARN_RANGE_LOOP_ANALYSIS = YES;
				CLANG_WARN_STRICT_PROTOTYPES = YES;
				CLANG_WARN_SUSPICIOUS_MOVE = YES;
				CLANG_WARN_UNGUARDED_AVAILABILITY = YES_AGGRESSIVE;
				CLANG_WARN_UNREACHABLE_CODE = YES;
				CLANG_WARN__DUPLICATE_METHOD_MATCH = YES;
				COPY_PHASE_STRIP = NO;
				DEBUG_INFORMATION_FORMAT = dwarf;
				ENABLE_STRICT_OBJC_MSGSEND = YES;
				ENABLE_TESTABILITY = YES;
				GCC_C_LANGUAGE_STANDARD = gnu11;
				GCC_DYNAMIC_NO_PIC = NO;
				GCC_NO_COMMON_BLOCKS = YES;
				GCC_OPTIMIZATION_LEVEL = 0;
				GCC_PREPROCESSOR_DEFINITIONS = (
					"DEBUG=1",
					"$(inherited)",
				);
				GCC_WARN_64_TO_32_BIT_CONVERSION = YES;
				GCC_WARN_ABOUT_RETURN_TYPE = YES_ERROR;
				GCC_WARN_UNDECLARED_SELECTOR = YES;
				GCC_WARN_UNINITIALIZED_AUTOS = YES_AGGRESSIVE;
				GCC_WARN_UNUSED_FUNCTION = YES;
				GCC_WARN_UNUSED_VARIABLE = YES;
				IPHONEOS_DEPLOYMENT_TARGET = 14.3;
				MTL_ENABLE_DEBUG_INFO = INCLUDE_SOURCE;
				MTL_FAST_MATH = YES;
				ONLY_ACTIVE_ARCH = YES;
				SDKROOT = iphoneos;
				SWIFT_ACTIVE_COMPILATION_CONDITIONS = DEBUG;
				SWIFT_OPTIMIZATION_LEVEL = "-Onone";
			};
			name = Debug;
		};
		7C6E1EBB25A0F2E000B4B9C8 /* Release */ = {
			isa = XCBuildConfiguration;
			buildSettings = {
				ALWAYS_SEARCH_USER_PATHS = NO;
				CLANG_ANALYZER_NONNULL = YES;
				CLANG_ANALYZER_NUMBER_OBJECT_CONVERSION = YES_AGGRESSIVE;
				CLANG_CXX_LANGUAGE_STANDARD = "gnu++14";
				CLANG_CXX_LIBRARY = "libc++";
				CLANG_ENABLE_MODULES = YES;
				CLANG_ENABLE_OBJC_ARC = YES;
				CLANG_ENABLE_OBJC_WEAK = YES;
				CLANG_WARN_BLOCK_CAPTURE_AUTORELEASING = YES;
				CLANG_WARN_BOOL_CONVERSION = YES;
				CLANG_WARN_COMMA = YES;
				CLANG_WARN_CONSTANT_CONVERSION = YES;
				CLANG_WARN_DEPRECATED_OBJC_IMPLEMENTATIONS = YES;
				CLANG_WARN_DIRECT_OBJC_ISA_USAGE = YES_ERROR;
				CLANG_WARN_DOCUMENTATION_COMMENTS = YES;
				CLANG_WARN_EMPTY_BODY = YES;
				CLANG_WARN_ENUM_CONVERSION = YES;
				CLANG_WARN_INFINITE_RECURSION = YES;
				CLANG_WARN_INT_CONVERSION = YES;
				CLANG_WARN_NON_LITERAL_NULL_CONVERSION = YES;
				CLANG_WARN_OBJC_IMPLICIT_RETAIN_SELF = YES;
				CLANG_WARN_OBJC_LITERAL_CONVERSION = YES;
				CLANG_WARN_OBJC_ROOT_CLASS = YES_ERROR;
				CLANG_WARN_QUOTED_INCLUDE_IN_FRAMEWORK_HEADER = YES;
				CLANG_WARN_RANGE_LOOP_ANALYSIS = YES;
				CLANG_WARN_STRICT_PROTOTYPES = YES;
				CLANG_WARN_SUSPICIOUS_MOVE = YES;
				CLANG_WARN_UNGUARDED_AVAILABILITY = YES_AGGRESSIVE;
				CLANG_WARN_UNREACHABLE_CODE = YES;
				CLANG_WARN__DUPLICATE_METHOD_MATCH = YES;
				COPY_PHASE_STRIP = NO;
				DEBUG_INFORMATION_FORMAT = "dwarf-with-dsym";
				ENABLE_NS_ASSERTIONS = NO;
				ENABLE_STRICT_OBJC_MSGSEND = YES;
				GCC_C_LANGUAGE_STANDARD = gnu11;
				GCC_NO_COMMON_BLOCKS = YES;
				GCC_WARN_64_TO_32_BIT_CONVERSION = YES;
				GCC_WARN_ABOUT_RETURN_TYPE = YES_ERROR;
				GCC_WARN_UNDECLARED_SELECTOR = YES;
				GCC_WARN_UNINITIALIZED_AUTOS = YES_AGGRESSIVE;
				GCC_WARN_UNUSED_FUNCTION = YES;
				GCC_WARN_UNUSED_VARIABLE = YES;
				IPHONEOS_DEPLOYMENT_TARGET = 14.3;
				MTL_ENABLE_DEBUG_INFO = NO;
				MTL_FAST_MATH = YES;
				SDKROOT = iphoneos;
				SWIFT_COMPILATION_MODE = wholemodule;
				SWIFT_OPTIMIZATION_LEVEL = "-O";
				VALIDATE_PRODUCT = YES;
			};
			name = Release;
		};
		7C6E1EBD25A0F2E000B4B9C8 /* Debug */ = {
			isa = XCBuildConfiguration;
			buildSettings = {
				ASSETCATALOG_COMPILER_APPICON_NAME = AppIcon;
				ASSETCATALOG_COMPILER_GLOBAL_ACCENT_COLOR_NAME = AccentColor;
				CODE_SIGN_STYLE = Automatic;
				DEVELOPMENT_ASSET_PATHS = "\"SimRadio/Preview Content\"";
				DEVELOPMENT_TEAM = XKHPTWMD44;
				ENABLE_PREVIEWS = YES;
				INFOPLIST_FILE = SimRadio/Info.plist;
				IPHONEOS_DEPLOYMENT_TARGET = 14.0;
				LD_RUNPATH_SEARCH_PATHS = (
					"$(inherited)",
					"@executable_path/Frameworks",
				);
				PRODUCT_BUNDLE_IDENTIFIER = f728743.SimRadioSwiftUI;
				PRODUCT_NAME = "$(TARGET_NAME)";
				SWIFT_VERSION = 5.0;
				TARGETED_DEVICE_FAMILY = "1,2";
			};
			name = Debug;
		};
		7C6E1EBE25A0F2E000B4B9C8 /* Release */ = {
			isa = XCBuildConfiguration;
			buildSettings = {
				ASSETCATALOG_COMPILER_APPICON_NAME = AppIcon;
				ASSETCATALOG_COMPILER_GLOBAL_ACCENT_COLOR_NAME = AccentColor;
				CODE_SIGN_STYLE = Automatic;
				DEVELOPMENT_ASSET_PATHS = "\"SimRadio/Preview Content\"";
				DEVELOPMENT_TEAM = XKHPTWMD44;
				ENABLE_PREVIEWS = YES;
				INFOPLIST_FILE = SimRadio/Info.plist;
				IPHONEOS_DEPLOYMENT_TARGET = 14.0;
				LD_RUNPATH_SEARCH_PATHS = (
					"$(inherited)",
					"@executable_path/Frameworks",
				);
				PRODUCT_BUNDLE_IDENTIFIER = f728743.SimRadioSwiftUI;
				PRODUCT_NAME = "$(TARGET_NAME)";
				SWIFT_VERSION = 5.0;
				TARGETED_DEVICE_FAMILY = "1,2";
			};
			name = Release;
		};
/* End XCBuildConfiguration section */

/* Begin XCConfigurationList section */
		7C6E1EA325A0F2DF00B4B9C8 /* Build configuration list for PBXProject "SimRadio" */ = {
			isa = XCConfigurationList;
			buildConfigurations = (
				7C6E1EBA25A0F2E000B4B9C8 /* Debug */,
				7C6E1EBB25A0F2E000B4B9C8 /* Release */,
			);
			defaultConfigurationIsVisible = 0;
			defaultConfigurationName = Release;
		};
		7C6E1EBC25A0F2E000B4B9C8 /* Build configuration list for PBXNativeTarget "SimRadio" */ = {
			isa = XCConfigurationList;
			buildConfigurations = (
				7C6E1EBD25A0F2E000B4B9C8 /* Debug */,
				7C6E1EBE25A0F2E000B4B9C8 /* Release */,
			);
			defaultConfigurationIsVisible = 0;
			defaultConfigurationName = Release;
		};
/* End XCConfigurationList section */

/* Begin XCVersionGroup section */
		7C6E1EB625A0F2E000B4B9C8 /* SimRadio.xcdatamodeld */ = {
			isa = XCVersionGroup;
			children = (
				7C6E1EB725A0F2E000B4B9C8 /* SimRadio.xcdatamodel */,
			);
			currentVersion = 7C6E1EB725A0F2E000B4B9C8 /* SimRadio.xcdatamodel */;
			path = SimRadio.xcdatamodeld;
			sourceTree = "<group>";
			versionGroupType = wrapper.xcdatamodel;
		};
/* End XCVersionGroup section */
	};
	rootObject = 7C6E1EA025A0F2DF00B4B9C8 /* Project object */;
}
